
Microsoft Visual Studio Solution File, Format Version 12.00
# Visual Studio Version 17
VisualStudioVersion = 17.6.33723.286
MinimumVisualStudioVersion = 10.0.40219.1
Project("{FAE04EC0-301F-11D3-BF4B-00C04F79EFBC}") = "PlataformaAlumnosMVC", "PlataformaAlumnosMVC\PlataformaAlumnosMVC.csproj", "{F2FD23CB-2968-414A-8EC6-1BCA90A8DDB3}"
EndProject
Global
	GlobalSection(SolutionConfigurationPlatforms) = preSolution
		Debug|Any CPU = Debug|Any CPU
		Release|Any CPU = Release|Any CPU
	EndGlobalSection
	GlobalSection(ProjectConfigurationPlatforms) = postSolution
		{F2FD23CB-2968-414A-8EC6-1BCA90A8DDB3}.Debug|Any CPU.ActiveCfg = Debug|Any CPU
		{F2FD23CB-2968-414A-8EC6-1BCA90A8DDB3}.Debug|Any CPU.Build.0 = Debug|Any CPU
		{F2FD23CB-2968-414A-8EC6-1BCA90A8DDB3}.Release|Any CPU.ActiveCfg = Release|Any CPU
		{F2FD23CB-2968-414A-8EC6-1BCA90A8DDB3}.Release|Any CPU.Build.0 = Release|Any CPU
	EndGlobalSection
	GlobalSection(SolutionProperties) = preSolution
		HideSolutionNode = FALSE
	EndGlobalSection
	GlobalSection(ExtensibilityGlobals) = postSolution
		SolutionGuid = {56E0488C-5986-4912-93D2-8FAD99776CAC}
	EndGlobalSection
EndGlobal
